github.com/davecgh/go-spew v1.1.1 h1:vj9j/u1bqnvCEfJOwUhtlOARqs3+rkHYY13jYWTU97c=
github.com/davecgh/go-spew v1.1.1/go.mod h1:J7Y8YcW2NihsgmVo/mv3lAwl/skON4iLHjSsI+c5H38=
github.com/mroth/weightedrand/v3 v3.0.0 h1:FPPz/Xpri6qOzZTj8gEA1i6YBSlwLjkDQ+WaZpNHiiI=
github.com/mroth/weightedrand/v3 v3.0.0/go.mod h1:Qfpt3At9/pYtQOzy9c2iHVWiHBPL+gvMY7mIN5WRlGg=
github.com/pmezard/go-difflib v1.0.0 h1:4DBwDE0NGyQoBHbLQYPwSUPoCMWR5BEzIk/f1lZbAQM=
github.com/pmezard/go-difflib v1.0.0/go.mod h1:iKH77koFhYxTK1pcRnkKkqfTogsbg7gZNVY4sRDYZ/4=
github.com/stretchr/testify v1.11.1 h1:7s2iGBzp5EwR7/aIZr8ao5+dra3wiQyKjjFuvgVKu7U=
github.com/stretchr/testify v1.11.1/go.mod h1:wZwfW3scLgRK+23gO65QZefKpKQRnfz6sD981Nm4B6U=
golang.org/x/exp v0.0.0-20260727155853-b88d891fe743 h1:ex206bKw+v3K0dm3andkrIF+ijyQKJG1pLgwQ2PYdQM=
golang.org/x/exp v0.0.0-20260727155853-b88d891fe743/go.mod h1:EdfpwwqSu+0Li0mzskwHU6FWDV3t9Q+RZDo3QMUtL3Q=
golang.org/x/exp v0.0.0-20260813180055-c1d0aacb2297 h1:YXnL44eJ77R+ji4/ooy8UsXIhz+lbi2Qgdlc8iRN0gY=
golang.org/x/exp v0.0.0-20260813180055-c1d0aacb2297/go.mod h1:Mkmymgv+uMpSQ/XxJ/7GpdrdYoqm3u72jEbpCLiJmNk=
gopkg.in/check.v1 v0.0.0-20161208181325-20d25e280405 h1:yhCVgyC4o1eVCa2tZl7eS0r+SDo693bJlVdllGtEeKM=
gopkg.in/check.v1 v0.0.0-20161208181325-20d25e280405/go.mod h1:Co6ibVJAznAaIkqp8huTwlJQCZ016jof/cbN4VW5Yz0=
gopkg.in/yaml.v3 v3.0.1 h1:fxVm/GzAzEWqLHuvctI91KS9hhNmmWOoWu0XTYJS7CA=
gopkg.in/yaml.v3 v3.0.1/go.mod h1:K4uyk7z7BCEPqu6E+C64Yfv1cQ7kz7rIZviUmN+EgEM=
honnef.co/go/js/dom/v2 v2.0.0-20250304181735-b5e52f05e89d h1:ONCmIS7pmOp+CZaqNKu7umBrvOnmthfmPbs4ZMR9v+U=
honnef.co/go/js/dom/v2 v2.0.0-20250304181735-b5e52f05e89d/go.mod h1:+JtEcbinwR4znM12aluJ3WjKgvhDPKPQ8hnP4YM+4jI=
